
Microsoft Visual Studio Solution File, Format Version 12.00
# Visual Studio Version 17
VisualStudioVersion = 17.12.35527.113
MinimumVisualStudioVersion = 10.0.40219.1
Project("{FAE04EC0-301F-11D3-BF4B-00C04F79EFBC}") = "E-Commerce.PL", "E-Commerce.PL\E-Commerce.PL.csproj", "{1137C09A-8FE5-4304-B5ED-7E3CF093A8C8}"
EndProject
Project("{FAE04EC0-301F-11D3-BF4B-00C04F79EFBC}") = "E-Commerce.Core", "E-Commerce.Core\E-Commerce.Core.csproj", "{7A04C95B-BC3D-492F-8A9B-23C23585BEB1}"
EndProject
Project("{FAE04EC0-301F-11D3-BF4B-00C04F79EFBC}") = "E-Commerce.Application", "E-Commerce.Application\E-Commerce.Application.csproj", "{C6F8CF14-16D9-44DC-8711-BD917B02B75C}"
EndProject
Project("{FAE04EC0-301F-11D3-BF4B-00C04F79EFBC}") = "E-Commerce.Infrastrucrure", "E-Commerce.Infrastrucrure\E-Commerce.Infrastrucrure.csproj", "{B7483352-4727-4A6F-8733-BE256143FD88}"
EndProject
Global
	GlobalSection(SolutionConfigurationPlatforms) = preSolution
		Debug|Any CPU = Debug|Any CPU
		Release|Any CPU = Release|Any CPU
	EndGlobalSection
	GlobalSection(ProjectConfigurationPlatforms) = postSolution
		{1137C09A-8FE5-4304-B5ED-7E3CF093A8C8}.Debug|Any CPU.ActiveCfg = Debug|Any CPU
		{1137C09A-8FE5-4304-B5ED-7E3CF093A8C8}.Debug|Any CPU.Build.0 = Debug|Any CPU
		{1137C09A-8FE5-4304-B5ED-7E3CF093A8C8}.Release|Any CPU.ActiveCfg = Release|Any CPU
		{1137C09A-8FE5-4304-B5ED-7E3CF093A8C8}.Release|Any CPU.Build.0 = Release|Any CPU
		{7A04C95B-BC3D-492F-8A9B-23C23585BEB1}.Debug|Any CPU.ActiveCfg = Debug|Any CPU
		{7A04C95B-BC3D-492F-8A9B-23C23585BEB1}.Debug|Any CPU.Build.0 = Debug|Any CPU
		{7A04C95B-BC3D-492F-8A9B-23C23585BEB1}.Release|Any CPU.ActiveCfg = Release|Any CPU
		{7A04C95B-BC3D-492F-8A9B-23C23585BEB1}.Release|Any CPU.Build.0 = Release|Any CPU
		{C6F8CF14-16D9-44DC-8711-BD917B02B75C}.Debug|Any CPU.ActiveCfg = Debug|Any CPU
		{C6F8CF14-16D9-44DC-8711-BD917B02B75C}.Debug|Any CPU.Build.0 = Debug|Any CPU
		{C6F8CF14-16D9-44DC-8711-BD917B02B75C}.Release|Any CPU.ActiveCfg = Release|Any CPU
		{C6F8CF14-16D9-44DC-8711-BD917B02B75C}.Release|Any CPU.Build.0 = Release|Any CPU
		{B7483352-4727-4A6F-8733-BE256143FD88}.Debug|Any CPU.ActiveCfg = Debug|Any CPU
		{B7483352-4727-4A6F-8733-BE256143FD88}.Debug|Any CPU.Build.0 = Debug|Any CPU
		{B7483352-4727-4A6F-8733-BE256143FD88}.Release|Any CPU.ActiveCfg = Release|Any CPU
		{B7483352-4727-4A6F-8733-BE256143FD88}.Release|Any CPU.Build.0 = Release|Any CPU
	EndGlobalSection
	GlobalSection(SolutionProperties) = preSolution
		HideSolutionNode = FALSE
	EndGlobalSection
	GlobalSection(ExtensibilityGlobals) = postSolution
		SolutionGuid = {1E06A7C8-61B4-4D64-AD85-89199FE40C79}
	EndGlobalSection
EndGlobal
